
Microsoft Visual Studio Solution File, Format Version 12.00
# Visual Studio Version 16
VisualStudioVersion = 16.0.29613.14
MinimumVisualStudioVersion = 10.0.40219.1
Project("{9A19103F-16F7-4668-BE54-9A1E7A4F7556}") = "SMDR.Infrastructure", "SMDR.Infrastructure\SMDR.Infrastructure.csproj", "{BE5381A2-3CA1-4B61-B8EE-01DA0A190131}"
EndProject
Global
	GlobalSection(SolutionConfigurationPlatforms) = preSolution
		Debug|Any CPU = Debug|Any CPU
		Release|Any CPU = Release|Any CPU
	EndGlobalSection
	GlobalSection(ProjectConfigurationPlatforms) = postSolution
		{BE5381A2-3CA1-4B61-B8EE-01DA0A190131}.Debug|Any CPU.ActiveCfg = Debug|Any CPU
		{BE5381A2-3CA1-4B61-B8EE-01DA0A190131}.Debug|Any CPU.Build.0 = Debug|Any CPU
		{BE5381A2-3CA1-4B61-B8EE-01DA0A190131}.Release|Any CPU.ActiveCfg = Release|Any CPU
		{BE5381A2-3CA1-4B61-B8EE-01DA0A190131}.Release|Any CPU.Build.0 = Release|Any CPU
	EndGlobalSection
	GlobalSection(SolutionProperties) = preSolution
		HideSolutionNode = FALSE
	EndGlobalSection
	GlobalSection(ExtensibilityGlobals) = postSolution
		SolutionGuid = {D3ED1484-56A5-488F-99D6-156C78C8DDC6}
	EndGlobalSection
EndGlobal
