
Microsoft Visual Studio Solution File, Format Version 12.00
# Visual Studio Version 16
VisualStudioVersion = 16.0.29613.14
MinimumVisualStudioVersion = 10.0.40219.1
Project("{9A19103F-16F7-4668-BE54-9A1E7A4F7556}") = "SMDR.Infrastructure", "SMDR.Infrastructure\SMDR.Infrastructure.csproj", "{BE5381A2-3CA1-4B61-B8EE-01DA0A190131}"
EndProject
Project("{9A19103F-16F7-4668-BE54-9A1E7A4F7556}") = "ReadTest", "ReadTest\ReadTest.csproj", "{D960DAE6-4DED-43E7-A5FF-87FFD3FAE1FA}"
EndProject
Project("{FAE04EC0-301F-11D3-BF4B-00C04F79EFBC}") = "SMDR.DataAccessLayer", "SMDR.DataAccessLayer\SMDR.DataAccessLayer.csproj", "{EBED08C4-60EF-4BC5-8597-29078EBCEEDB}"
EndProject
Global
	GlobalSection(SolutionConfigurationPlatforms) = preSolution
		Debug|Any CPU = Debug|Any CPU
		Release|Any CPU = Release|Any CPU
	EndGlobalSection
	GlobalSection(ProjectConfigurationPlatforms) = postSolution
		{BE5381A2-3CA1-4B61-B8EE-01DA0A190131}.Debug|Any CPU.ActiveCfg = Debug|Any CPU
		{BE5381A2-3CA1-4B61-B8EE-01DA0A190131}.Debug|Any CPU.Build.0 = Debug|Any CPU
		{BE5381A2-3CA1-4B61-B8EE-01DA0A190131}.Release|Any CPU.ActiveCfg = Release|Any CPU
		{BE5381A2-3CA1-4B61-B8EE-01DA0A190131}.Release|Any CPU.Build.0 = Release|Any CPU
		{D960DAE6-4DED-43E7-A5FF-87FFD3FAE1FA}.Debug|Any CPU.ActiveCfg = Debug|Any CPU
		{D960DAE6-4DED-43E7-A5FF-87FFD3FAE1FA}.Debug|Any CPU.Build.0 = Debug|Any CPU
		{D960DAE6-4DED-43E7-A5FF-87FFD3FAE1FA}.Release|Any CPU.ActiveCfg = Release|Any CPU
		{D960DAE6-4DED-43E7-A5FF-87FFD3FAE1FA}.Release|Any CPU.Build.0 = Release|Any CPU
		{EBED08C4-60EF-4BC5-8597-29078EBCEEDB}.Debug|Any CPU.ActiveCfg = Debug|Any CPU
		{EBED08C4-60EF-4BC5-8597-29078EBCEEDB}.Debug|Any CPU.Build.0 = Debug|Any CPU
		{EBED08C4-60EF-4BC5-8597-29078EBCEEDB}.Release|Any CPU.ActiveCfg = Release|Any CPU
		{EBED08C4-60EF-4BC5-8597-29078EBCEEDB}.Release|Any CPU.Build.0 = Release|Any CPU
	EndGlobalSection
	GlobalSection(SolutionProperties) = preSolution
		HideSolutionNode = FALSE
	EndGlobalSection
	GlobalSection(ExtensibilityGlobals) = postSolution
		SolutionGuid = {D3ED1484-56A5-488F-99D6-156C78C8DDC6}
	EndGlobalSection
EndGlobal
